
Microsoft Visual Studio Solution File, Format Version 12.00
# Visual Studio Version 17
VisualStudioVersion = 17.14.36623.8
MinimumVisualStudioVersion = 10.0.40219.1
Project("{FAE04EC0-301F-11D3-BF4B-00C04F79EFBC}") = "Project_1_SimpleCalculetor", "Project_1_SimpleCalculetor.csproj", "{12455BDB-EFE2-4CF8-9A02-D122588E2845}"
EndProject
Project("{2150E333-8FDC-42A3-9474-1A3956D46DE8}") = "main", "main", "{02EA681E-C7D8-13C7-8484-4AC65E1B71E8}"
EndProject
Global
	GlobalSection(SolutionConfigurationPlatforms) = preSolution
		Debug|Any CPU = Debug|Any CPU
		Release|Any CPU = Release|Any CPU
	EndGlobalSection
	GlobalSection(ProjectConfigurationPlatforms) = postSolution
		{12455BDB-EFE2-4CF8-9A02-D122588E2845}.Debug|Any CPU.ActiveCfg = Debug|Any CPU
		{12455BDB-EFE2-4CF8-9A02-D122588E2845}.Debug|Any CPU.Build.0 = Debug|Any CPU
		{12455BDB-EFE2-4CF8-9A02-D122588E2845}.Release|Any CPU.ActiveCfg = Release|Any CPU
		{12455BDB-EFE2-4CF8-9A02-D122588E2845}.Release|Any CPU.Build.0 = Release|Any CPU
	EndGlobalSection
	GlobalSection(SolutionProperties) = preSolution
		HideSolutionNode = FALSE
	EndGlobalSection
	GlobalSection(NestedProjects) = preSolution
		{12455BDB-EFE2-4CF8-9A02-D122588E2845} = {02EA681E-C7D8-13C7-8484-4AC65E1B71E8}
	EndGlobalSection
	GlobalSection(ExtensibilityGlobals) = postSolution
		SolutionGuid = {76FACCF8-19F1-4216-9F47-9E44DCD31BA4}
	EndGlobalSection
EndGlobal
